
Microsoft Visual Studio Solution File, Format Version 12.00
# Visual Studio Version 17
VisualStudioVersion = 17.14.36203.30 d17.14
MinimumVisualStudioVersion = 10.0.40219.1
Project("{FAE04EC0-301F-11D3-BF4B-00C04F79EFBC}") = "MainDashboard", "MainDashboard\MainDashboard.csproj", "{798290F8-880A-422E-A1CE-266E9E4B0C70}"
EndProject
Global
	GlobalSection(SolutionConfigurationPlatforms) = preSolution
		Debug|Any CPU = Debug|Any CPU
		Release|Any CPU = Release|Any CPU
	EndGlobalSection
	GlobalSection(ProjectConfigurationPlatforms) = postSolution
		{798290F8-880A-422E-A1CE-266E9E4B0C70}.Debug|Any CPU.ActiveCfg = Debug|Any CPU
		{798290F8-880A-422E-A1CE-266E9E4B0C70}.Debug|Any CPU.Build.0 = Debug|Any CPU
		{798290F8-880A-422E-A1CE-266E9E4B0C70}.Release|Any CPU.ActiveCfg = Release|Any CPU
		{798290F8-880A-422E-A1CE-266E9E4B0C70}.Release|Any CPU.Build.0 = Release|Any CPU
	EndGlobalSection
	GlobalSection(SolutionProperties) = preSolution
		HideSolutionNode = FALSE
	EndGlobalSection
	GlobalSection(ExtensibilityGlobals) = postSolution
		SolutionGuid = {3A894203-CD8D-4776-93E0-9CDDCDB15B45}
	EndGlobalSection
EndGlobal
